
Microsoft Visual Studio Solution File, Format Version 12.00
# Visual Studio Version 17
VisualStudioVersion = 17.8.34316.72
MinimumVisualStudioVersion = 10.0.40219.1
Project("{FAE04EC0-301F-11D3-BF4B-00C04F79EFBC}") = "GymBooking", "GymBooking.csproj", "{AF29C16C-1E33-45F1-A67C-64DAAA00FAA1}"
EndProject
Global
	GlobalSection(SolutionConfigurationPlatforms) = preSolution
		Debug|Any CPU = Debug|Any CPU
		Release|Any CPU = Release|Any CPU
	EndGlobalSection
	GlobalSection(ProjectConfigurationPlatforms) = postSolution
		{AF29C16C-1E33-45F1-A67C-64DAAA00FAA1}.Debug|Any CPU.ActiveCfg = Debug|Any CPU
		{AF29C16C-1E33-45F1-A67C-64DAAA00FAA1}.Debug|Any CPU.Build.0 = Debug|Any CPU
		{AF29C16C-1E33-45F1-A67C-64DAAA00FAA1}.Release|Any CPU.ActiveCfg = Release|Any CPU
		{AF29C16C-1E33-45F1-A67C-64DAAA00FAA1}.Release|Any CPU.Build.0 = Release|Any CPU
	EndGlobalSection
	GlobalSection(SolutionProperties) = preSolution
		HideSolutionNode = FALSE
	EndGlobalSection
	GlobalSection(ExtensibilityGlobals) = postSolution
		SolutionGuid = {81762815-BCAB-4B0A-AE3B-76A8CEBD6DC8}
	EndGlobalSection
EndGlobal
